// !$*UTF8*$!
{
	archiveVersion = 1;
	classes = {
	};
	objectVersion = 46;
	objects = {

/* Begin PBXBuildFile section */
		41914BF71C9D4A5400DDD4F1 /* AppDelegate.m in Sources */ = {isa = PBXBuildFile; fileRef = 41914BF61C9D4A5400DDD4F1 /* AppDelegate.m */; };
		41914BFA1C9D4A5400DDD4F1 /* main.m in Sources */ = {isa = PBXBuildFile; fileRef = 41914BF91C9D4A5400DDD4F1 /* main.m */; };
		41914BFC1C9D4A5400DDD4F1 /* Assets.xcassets in Resources */ = {isa = PBXBuildFile; fileRef = 41914BFB1C9D4A5400DDD4F1 /* Assets.xcassets */; };
		41914BFF1C9D4A5400DDD4F1 /* MainMenu.xib in Resources */ = {isa = PBXBuildFile; fileRef = 41914BFD1C9D4A5400DDD4F1 /* MainMenu.xib */; };
/* End PBXBuildFile section */

/* Begin PBXFileReference section */
		41914BF21C9D4A5400DDD4F1 /* pdfConvertXcassets.app */ = {isa = PBXFileReference; explicitFileType = wrapper.application; includeInIndex = 0; path = pdfConvertXcassets.app; sourceTree = BUILT_PRODUCTS_DIR; };
		41914BF51C9D4A5400DDD4F1 /* AppDelegate.h */ = {isa = PBXFileReference; lastKnownFileType = sourcecode.c.h; path = AppDelegate.h; sourceTree = "<group>"; };
		41914BF61C9D4A5400DDD4F1 /* AppDelegate.m */ = {isa = PBXFileReference; lastKnownFileType = sourcecode.c.objc; path = AppDelegate.m; sourceTree = "<group>"; };
		41914BF91C9D4A5400DDD4F1 /* main.m */ = {isa = PBXFileReference; lastKnownFileType = sourcecode.c.objc; path = main.m; sourceTree = "<group>"; };
		41914BFB1C9D4A5400DDD4F1 /* Assets.xcassets */ = {isa = PBXFileReference; lastKnownFileType = folder.assetcatalog; path = Assets.xcassets; sourceTree = "<group>"; };
		41914BFE1C9D4A5400DDD4F1 /* Base */ = {isa = PBXFileReference; lastKnownFileType = file.xib; name = Base; path = Base.lproj/MainMenu.xib; sourceTree = "<group>"; };
		41914C001C9D4A5400DDD4F1 /* Info.plist */ = {isa = PBXFileReference; lastKnownFileType = text.plist.xml; path = Info.plist; sourceTree = "<group>"; };
/* End PBXFileReference section */

/* Begin PBXFrameworksBuildPhase section */
		41914BEF1C9D4A5400DDD4F1 /* Frameworks */ = {
			isa = PBXFrameworksBuildPhase;
			buildActionMask = 2147483647;
			files = (
			);
			runOnlyForDeploymentPostprocessing = 0;
		};
/* End PBXFrameworksBuildPhase section */

/* Begin PBXGroup section */
		41914BE91C9D4A5400DDD4F1 = {
			isa = PBXGroup;
			children = (
				41914BF41C9D4A5400DDD4F1 /* pdfConvertXcassets */,
				41914BF31C9D4A5400DDD4F1 /* Products */,
			);
			sourceTree = "<group>";
		};
		41914BF31C9D4A5400DDD4F1 /* Products */ = {
			isa = PBXGroup;
			children = (
				41914BF21C9D4A5400DDD4F1 /* pdfConvertXcassets.app */,
			);
			name = Products;
			sourceTree = "<group>";
		};
		41914BF41C9D4A5400DDD4F1 /* pdfConvertXcassets */ = {
			isa = PBXGroup;
			children = (
				41914BF51C9D4A5400DDD4F1 /* AppDelegate.h */,
				41914BF61C9D4A5400DDD4F1 /* AppDelegate.m */,
				41914BFB1C9D4A5400DDD4F1 /* Assets.xcassets */,
				41914BFD1C9D4A5400DDD4F1 /* MainMenu.xib */,
				41914C001C9D4A5400DDD4F1 /* Info.plist */,
				41914BF81C9D4A5400DDD4F1 /* Supporting Files */,
			);
			path = pdfConvertXcassets;
			sourceTree = "<group>";
		};
		41914BF81C9D4A5400DDD4F1 /* Supporting Files */ = {
			isa = PBXGroup;
			children = (
				41914BF91C9D4A5400DDD4F1 /* main.m */,
			);
			name = "Supporting Files";
			sourceTree = "<group>";
		};
/* End PBXGroup section */

/* Begin PBXNativeTarget section */
		41914BF11C9D4A5400DDD4F1 /* pdfConvertXcassets */ = {
			isa = PBXNativeTarget;
			buildConfigurationList = 41914C031C9D4A5400DDD4F1 /* Build configuration list for PBXNativeTarget "pdfConvertXcassets" */;
			buildPhases = (
				41914BEE1C9D4A5400DDD4F1 /* Sources */,
				41914BEF1C9D4A5400DDD4F1 /* Frameworks */,
				41914BF01C9D4A5400DDD4F1 /* Resources */,
			);
			buildRules = (
			);
			dependencies = (
			);
			name = pdfConvertXcassets;
			productName = pdfConvertXcassets;
			productReference = 41914BF21C9D4A5400DDD4F1 /* pdfConvertXcassets.app */;
			productType = "com.apple.product-type.application";
		};
/* End PBXNativeTarget section */

/* Begin PBXProject section */
		41914BEA1C9D4A5400DDD4F1 /* Project object */ = {
			isa = PBXProject;
			attributes = {
				LastUpgradeCheck = 0700;
				ORGANIZATIONNAME = ak;
				TargetAttributes = {
					41914BF11C9D4A5400DDD4F1 = {
						CreatedOnToolsVersion = 7.0;
					};
				};
			};
			buildConfigurationList = 41914BED1C9D4A5400DDD4F1 /* Build configuration list for PBXProject "pdfConvertXcassets" */;
			compatibilityVersion = "Xcode 3.2";
			developmentRegion = English;
			hasScannedForEncodings = 0;
			knownRegions = (
				en,
				Base,
			);
			mainGroup = 41914BE91C9D4A5400DDD4F1;
			productRefGroup = 41914BF31C9D4A5400DDD4F1 /* Products */;
			projectDirPath = "";
			projectRoot = "";
			targets = (
				41914BF11C9D4A5400DDD4F1 /* pdfConvertXcassets */,
			);
		};
/* End PBXProject section */

/* Begin PBXResourcesBuildPhase section */
		41914BF01C9D4A5400DDD4F1 /* Resources */ = {
			isa = PBXResourcesBuildPhase;
			buildActionMask = 2147483647;
			files = (
				41914BFC1C9D4A5400DDD4F1 /* Assets.xcassets in Resources */,
				41914BFF1C9D4A5400DDD4F1 /* MainMenu.xib in Resources */,
			);
			runOnlyForDeploymentPostprocessing = 0;
		};
/* End PBXResourcesBuildPhase section */

/* Begin PBXSourcesBuildPhase section */
		41914BEE1C9D4A5400DDD4F1 /* Sources */ = {
			isa = PBXSourcesBuildPhase;
			buildActionMask = 2147483647;
			files = (
				41914BFA1C9D4A5400DDD4F1 /* main.m in Sources */,
				41914BF71C9D4A5400DDD4F1 /* AppDelegate.m in Sources */,
			);
			runOnlyForDeploymentPostprocessing = 0;
		};
/* End PBXSourcesBuildPhase section */

/* Begin PBXVariantGroup section */
		41914BFD1C9D4A5400DDD4F1 /* MainMenu.xib */ = {
			isa = PBXVariantGroup;
			children = (
				41914BFE1C9D4A5400DDD4F1 /* Base */,
			);
			name = MainMenu.xib;
			sourceTree = "<group>";
		};
/* End PBXVariantGroup section */

/* Begin XCBuildConfiguration section */
		41914C011C9D4A5400DDD4F1 /* Debug */ = {
			isa = XCBuildConfiguration;
			buildSettings = {
				ALWAYS_SEARCH_USER_PATHS = NO;
				CLANG_CXX_LANGUAGE_STANDARD = "gnu++0x";
				CLANG_CXX_LIBRARY = "libc++";
				CLANG_ENABLE_MODULES = YES;
				CLANG_ENABLE_OBJC_ARC = YES;
				CLANG_WARN_BOOL_CONVERSION = YES;
				CLANG_WARN_CONSTANT_CONVERSION = YES;
				CLANG_WARN_DIRECT_OBJC_ISA_USAGE = YES_ERROR;
				CLANG_WARN_EMPTY_BODY = YES;
				CLANG_WARN_ENUM_CONVERSION = YES;
				CLANG_WARN_INT_CONVERSION = YES;
				CLANG_WARN_OBJC_ROOT_CLASS = YES_ERROR;
				CLANG_WARN_UNREACHABLE_CODE = YES;
				CLANG_WARN__DUPLICATE_METHOD_MATCH = YES;
				CODE_SIGN_IDENTITY = "-";
				COPY_PHASE_STRIP = NO;
				DEBUG_INFORMATION_FORMAT = dwarf;
				ENABLE_STRICT_OBJC_MSGSEND = YES;
				ENABLE_TESTABILITY = YES;
				GCC_C_LANGUAGE_STANDARD = gnu99;
				GCC_DYNAMIC_NO_PIC = NO;
				GCC_NO_COMMON_BLOCKS = YES;
				GCC_OPTIMIZATION_LEVEL = 0;
				GCC_PREPROCESSOR_DEFINITIONS = (
					"DEBUG=1",
					"$(inherited)",
				);
				GCC_WARN_64_TO_32_BIT_CONVERSION = YES;
				GCC_WARN_ABOUT_RETURN_TYPE = YES_ERROR;
				GCC_WARN_UNDECLARED_SELECTOR = YES;
				GCC_WARN_UNINITIALIZED_AUTOS = YES_AGGRESSIVE;
				GCC_WARN_UNUSED_FUNCTION = YES;
				GCC_WARN_UNUSED_VARIABLE = YES;
				MACOSX_DEPLOYMENT_TARGET = 10.10;
				MTL_ENABLE_DEBUG_INFO = YES;
				ONLY_ACTIVE_ARCH = YES;
				SDKROOT = macosx;
			};
			name = Debug;
		};
		41914C021C9D4A5400DDD4F1 /* Release */ = {
			isa = XCBuildConfiguration;
			buildSettings = {
				ALWAYS_SEARCH_USER_PATHS = NO;
				CLANG_CXX_LANGUAGE_STANDARD = "gnu++0x";
				CLANG_CXX_LIBRARY = "libc++";
				CLANG_ENABLE_MODULES = YES;
				CLANG_ENABLE_OBJC_ARC = YES;
				CLANG_WARN_BOOL_CONVERSION = YES;
				CLANG_WARN_CONSTANT_CONVERSION = YES;
				CLANG_WARN_DIRECT_OBJC_ISA_USAGE = YES_ERROR;
				CLANG_WARN_EMPTY_BODY = YES;
				CLANG_WARN_ENUM_CONVERSION = YES;
				CLANG_WARN_INT_CONVERSION = YES;
				CLANG_WARN_OBJC_ROOT_CLASS = YES_ERROR;
				CLANG_WARN_UNREACHABLE_CODE = YES;
				CLANG_WARN__DUPLICATE_METHOD_MATCH = YES;
				CODE_SIGN_IDENTITY = "-";
				COPY_PHASE_STRIP = NO;
				DEBUG_INFORMATION_FORMAT = "dwarf-with-dsym";
				ENABLE_NS_ASSERTIONS = NO;
				ENABLE_STRICT_OBJC_MSGSEND = YES;
				GCC_C_LANGUAGE_STANDARD = gnu99;
				GCC_NO_COMMON_BLOCKS = YES;
				GCC_WARN_64_TO_32_BIT_CONVERSION = YES;
				GCC_WARN_ABOUT_RETURN_TYPE = YES_ERROR;
				GCC_WARN_UNDECLARED_SELECTOR = YES;
				GCC_WARN_UNINITIALIZED_AUTOS = YES_AGGRESSIVE;
				GCC_WARN_UNUSED_FUNCTION = YES;
				GCC_WARN_UNUSED_VARIABLE = YES;
				MACOSX_DEPLOYMENT_TARGET = 10.10;
				MTL_ENABLE_DEBUG_INFO = NO;
				SDKROOT = macosx;
			};
			name = Release;
		};
		41914C041C9D4A5400DDD4F1 /* Debug */ = {
			isa = XCBuildConfiguration;
			buildSettings = {
				ASSETCATALOG_COMPILER_APPICON_NAME = "AppIcon-2";
				COMBINE_HIDPI_IMAGES = YES;
				INFOPLIST_FILE = pdfConvertXcassets/Info.plist;
				LD_RUNPATH_SEARCH_PATHS = "$(inherited) @executable_path/../Frameworks";
				PRODUCT_BUNDLE_IDENTIFIER = com.beijingak.analytics.pdfConvertXcassets;
				PRODUCT_NAME = "$(TARGET_NAME)";
			};
			name = Debug;
		};
		41914C051C9D4A5400DDD4F1 /* Release */ = {
			isa = XCBuildConfiguration;
			buildSettings = {
				ASSETCATALOG_COMPILER_APPICON_NAME = "AppIcon-2";
				COMBINE_HIDPI_IMAGES = YES;
				INFOPLIST_FILE = pdfConvertXcassets/Info.plist;
				LD_RUNPATH_SEARCH_PATHS = "$(inherited) @executable_path/../Frameworks";
				PRODUCT_BUNDLE_IDENTIFIER = com.beijingak.analytics.pdfConvertXcassets;
				PRODUCT_NAME = "$(TARGET_NAME)";
			};
			name = Release;
		};
/* End XCBuildConfiguration section */

/* Begin XCConfigurationList section */
		41914BED1C9D4A5400DDD4F1 /* Build configuration list for PBXProject "pdfConvertXcassets" */ = {
			isa = XCConfigurationList;
			buildConfigurations = (
				41914C011C9D4A5400DDD4F1 /* Debug */,
				41914C021C9D4A5400DDD4F1 /* Release */,
			);
			defaultConfigurationIsVisible = 0;
			defaultConfigurationName = Release;
		};
		41914C031C9D4A5400DDD4F1 /* Build configuration list for PBXNativeTarget "pdfConvertXcassets" */ = {
			isa = XCConfigurationList;
			buildConfigurations = (
				41914C041C9D4A5400DDD4F1 /* Debug */,
				41914C051C9D4A5400DDD4F1 /* Release */,
			);
			defaultConfigurationIsVisible = 0;
		};
/* End XCConfigurationList section */
	};
	rootObject = 41914BEA1C9D4A5400DDD4F1 /* Project object */;
}
